
Microsoft Visual Studio Solution File, Format Version 12.00
# Visual Studio Version 16
VisualStudioVersion = 16.0.29806.167
MinimumVisualStudioVersion = 10.0.40219.1
Project("{9A19103F-16F7-4668-BE54-9A1E7A4F7556}") = "Hirdavat_Api_Nesne2", "Hirdavat_Api_Nesne2\Hirdavat_Api_Nesne2.csproj", "{009DA7E1-A479-442A-A22A-593D9A9ACDB8}"
EndProject
Project("{9A19103F-16F7-4668-BE54-9A1E7A4F7556}") = "Hirdavat.Core", "Hirdavat.Core\Hirdavat.Core.csproj", "{4143100C-8E82-45EC-9BD0-5544CA0C21AD}"
EndProject
Project("{9A19103F-16F7-4668-BE54-9A1E7A4F7556}") = "Hirdavat.Data", "Hirdavat.Data\Hirdavat.Data.csproj", "{DB0CCCAB-8DB6-4FA3-8E49-0B84E7D51356}"
EndProject
Project("{9A19103F-16F7-4668-BE54-9A1E7A4F7556}") = "Hirdavat.Servis", "Hirdavat.Servis\Hirdavat.Servis.csproj", "{4B706584-A823-4D3F-A09C-9956FB21A231}"
EndProject
Project("{9A19103F-16F7-4668-BE54-9A1E7A4F7556}") = "Hirdavat.Wpf", "Hirdavat.Wpf\Hirdavat.Wpf.csproj", "{643C2024-8C28-44BB-9074-9A4813AB8A52}"
EndProject
Global
	GlobalSection(SolutionConfigurationPlatforms) = preSolution
		Debug|Any CPU = Debug|Any CPU
		Debug|iPhone = Debug|iPhone
		Debug|iPhoneSimulator = Debug|iPhoneSimulator
		Release|Any CPU = Release|Any CPU
		Release|iPhone = Release|iPhone
		Release|iPhoneSimulator = Release|iPhoneSimulator
	EndGlobalSection
	GlobalSection(ProjectConfigurationPlatforms) = postSolution
		{009DA7E1-A479-442A-A22A-593D9A9ACDB8}.Debug|Any CPU.ActiveCfg = Debug|Any CPU
		{009DA7E1-A479-442A-A22A-593D9A9ACDB8}.Debug|Any CPU.Build.0 = Debug|Any CPU
		{009DA7E1-A479-442A-A22A-593D9A9ACDB8}.Debug|iPhone.ActiveCfg = Debug|Any CPU
		{009DA7E1-A479-442A-A22A-593D9A9ACDB8}.Debug|iPhone.Build.0 = Debug|Any CPU
		{009DA7E1-A479-442A-A22A-593D9A9ACDB8}.Debug|iPhoneSimulator.ActiveCfg = Debug|Any CPU
		{009DA7E1-A479-442A-A22A-593D9A9ACDB8}.Debug|iPhoneSimulator.Build.0 = Debug|Any CPU
		{009DA7E1-A479-442A-A22A-593D9A9ACDB8}.Release|Any CPU.ActiveCfg = Release|Any CPU
		{009DA7E1-A479-442A-A22A-593D9A9ACDB8}.Release|Any CPU.Build.0 = Release|Any CPU
		{009DA7E1-A479-442A-A22A-593D9A9ACDB8}.Release|iPhone.ActiveCfg = Release|Any CPU
		{009DA7E1-A479-442A-A22A-593D9A9ACDB8}.Release|iPhone.Build.0 = Release|Any CPU
		{009DA7E1-A479-442A-A22A-593D9A9ACDB8}.Release|iPhoneSimulator.ActiveCfg = Release|Any CPU
		{009DA7E1-A479-442A-A22A-593D9A9ACDB8}.Release|iPhoneSimulator.Build.0 = Release|Any CPU
		{4143100C-8E82-45EC-9BD0-5544CA0C21AD}.Debug|Any CPU.ActiveCfg = Debug|Any CPU
		{4143100C-8E82-45EC-9BD0-5544CA0C21AD}.Debug|Any CPU.Build.0 = Debug|Any CPU
		{4143100C-8E82-45EC-9BD0-5544CA0C21AD}.Debug|iPhone.ActiveCfg = Debug|Any CPU
		{4143100C-8E82-45EC-9BD0-5544CA0C21AD}.Debug|iPhone.Build.0 = Debug|Any CPU
		{4143100C-8E82-45EC-9BD0-5544CA0C21AD}.Debug|iPhoneSimulator.ActiveCfg = Debug|Any CPU
		{4143100C-8E82-45EC-9BD0-5544CA0C21AD}.Debug|iPhoneSimulator.Build.0 = Debug|Any CPU
		{4143100C-8E82-45EC-9BD0-5544CA0C21AD}.Release|Any CPU.ActiveCfg = Release|Any CPU
		{4143100C-8E82-45EC-9BD0-5544CA0C21AD}.Release|Any CPU.Build.0 = Release|Any CPU
		{4143100C-8E82-45EC-9BD0-5544CA0C21AD}.Release|iPhone.ActiveCfg = Release|Any CPU
		{4143100C-8E82-45EC-9BD0-5544CA0C21AD}.Release|iPhone.Build.0 = Release|Any CPU
		{4143100C-8E82-45EC-9BD0-5544CA0C21AD}.Release|iPhoneSimulator.ActiveCfg = Release|Any CPU
		{4143100C-8E82-45EC-9BD0-5544CA0C21AD}.Release|iPhoneSimulator.Build.0 = Release|Any CPU
		{DB0CCCAB-8DB6-4FA3-8E49-0B84E7D51356}.Debug|Any CPU.ActiveCfg = Debug|Any CPU
		{DB0CCCAB-8DB6-4FA3-8E49-0B84E7D51356}.Debug|Any CPU.Build.0 = Debug|Any CPU
		{DB0CCCAB-8DB6-4FA3-8E49-0B84E7D51356}.Debug|iPhone.ActiveCfg = Debug|Any CPU
		{DB0CCCAB-8DB6-4FA3-8E49-0B84E7D51356}.Debug|iPhone.Build.0 = Debug|Any CPU
		{DB0CCCAB-8DB6-4FA3-8E49-0B84E7D51356}.Debug|iPhoneSimulator.ActiveCfg = Debug|Any CPU
		{DB0CCCAB-8DB6-4FA3-8E49-0B84E7D51356}.Debug|iPhoneSimulator.Build.0 = Debug|Any CPU
		{DB0CCCAB-8DB6-4FA3-8E49-0B84E7D51356}.Release|Any CPU.ActiveCfg = Release|Any CPU
		{DB0CCCAB-8DB6-4FA3-8E49-0B84E7D51356}.Release|Any CPU.Build.0 = Release|Any CPU
		{DB0CCCAB-8DB6-4FA3-8E49-0B84E7D51356}.Release|iPhone.ActiveCfg = Release|Any CPU
		{DB0CCCAB-8DB6-4FA3-8E49-0B84E7D51356}.Release|iPhone.Build.0 = Release|Any CPU
		{DB0CCCAB-8DB6-4FA3-8E49-0B84E7D51356}.Release|iPhoneSimulator.ActiveCfg = Release|Any CPU
		{DB0CCCAB-8DB6-4FA3-8E49-0B84E7D51356}.Release|iPhoneSimulator.Build.0 = Release|Any CPU
		{4B706584-A823-4D3F-A09C-9956FB21A231}.Debug|Any CPU.ActiveCfg = Debug|Any CPU
		{4B706584-A823-4D3F-A09C-9956FB21A231}.Debug|Any CPU.Build.0 = Debug|Any CPU
		{4B706584-A823-4D3F-A09C-9956FB21A231}.Debug|iPhone.ActiveCfg = Debug|Any CPU
		{4B706584-A823-4D3F-A09C-9956FB21A231}.Debug|iPhone.Build.0 = Debug|Any CPU
		{4B706584-A823-4D3F-A09C-9956FB21A231}.Debug|iPhoneSimulator.ActiveCfg = Debug|Any CPU
		{4B706584-A823-4D3F-A09C-9956FB21A231}.Debug|iPhoneSimulator.Build.0 = Debug|Any CPU
		{4B706584-A823-4D3F-A09C-9956FB21A231}.Release|Any CPU.ActiveCfg = Release|Any CPU
		{4B706584-A823-4D3F-A09C-9956FB21A231}.Release|Any CPU.Build.0 = Release|Any CPU
		{4B706584-A823-4D3F-A09C-9956FB21A231}.Release|iPhone.ActiveCfg = Release|Any CPU
		{4B706584-A823-4D3F-A09C-9956FB21A231}.Release|iPhone.Build.0 = Release|Any CPU
		{4B706584-A823-4D3F-A09C-9956FB21A231}.Release|iPhoneSimulator.ActiveCfg = Release|Any CPU
		{4B706584-A823-4D3F-A09C-9956FB21A231}.Release|iPhoneSimulator.Build.0 = Release|Any CPU
		{643C2024-8C28-44BB-9074-9A4813AB8A52}.Debug|Any CPU.ActiveCfg = Debug|Any CPU
		{643C2024-8C28-44BB-9074-9A4813AB8A52}.Debug|Any CPU.Build.0 = Debug|Any CPU
		{643C2024-8C28-44BB-9074-9A4813AB8A52}.Debug|iPhone.ActiveCfg = Debug|Any CPU
		{643C2024-8C28-44BB-9074-9A4813AB8A52}.Debug|iPhone.Build.0 = Debug|Any CPU
		{643C2024-8C28-44BB-9074-9A4813AB8A52}.Debug|iPhoneSimulator.ActiveCfg = Debug|Any CPU
		{643C2024-8C28-44BB-9074-9A4813AB8A52}.Debug|iPhoneSimulator.Build.0 = Debug|Any CPU
		{643C2024-8C28-44BB-9074-9A4813AB8A52}.Release|Any CPU.ActiveCfg = Release|Any CPU
		{643C2024-8C28-44BB-9074-9A4813AB8A52}.Release|Any CPU.Build.0 = Release|Any CPU
		{643C2024-8C28-44BB-9074-9A4813AB8A52}.Release|iPhone.ActiveCfg = Release|Any CPU
		{643C2024-8C28-44BB-9074-9A4813AB8A52}.Release|iPhone.Build.0 = Release|Any CPU
		{643C2024-8C28-44BB-9074-9A4813AB8A52}.Release|iPhoneSimulator.ActiveCfg = Release|Any CPU
		{643C2024-8C28-44BB-9074-9A4813AB8A52}.Release|iPhoneSimulator.Build.0 = Release|Any CPU
	EndGlobalSection
	GlobalSection(SolutionProperties) = preSolution
		HideSolutionNode = FALSE
	EndGlobalSection
	GlobalSection(ExtensibilityGlobals) = postSolution
		SolutionGuid = {224C8E30-D75A-49CD-9048-35574649055E}
	EndGlobalSection
EndGlobal
